# This file is automatically @generated by Cargo.
# It is not intended for manual editing.
version = 3

[[package]]
name = "planet-common"
version = "0.1.0"
source = "git+https://github.com/Jachdich/planet-common.git#2728838a1a54e95b761470521dff584990024ded"

[[package]]
name = "planet-server"
version = "0.1.0"
dependencies = [
 "planet-common",
]
